<?xml version="1.0" encoding="utf-8"?>
<Project ToolsVersion="4.0" xmlns="http://schemas.microsoft.com/developer/msbuild/2003">
  <ItemGroup>
    <Filter Include="Uie">
      <UniqueIdentifier>{7e59ed56-33f3-488e-9c05-1f6890630f93}</UniqueIdentifier>
    </Filter>
    <Filter Include="Uie\Component">
      <UniqueIdentifier>{7f2d90e0-a7e5-4bfb-bb7b-e543d5c837de}</UniqueIdentifier>
    </Filter>
    <Filter Include="Uie\Event">
      <UniqueIdentifier>{ad6d328b-766c-4dc1-9bcb-b696f08bdd74}</UniqueIdentifier>
    </Filter>
    <Filter Include="Uie\Render">
      <UniqueIdentifier>{c3f5195a-f16d-4ebd-85b9-0ca41d40362c}</UniqueIdentifier>
    </Filter>
  </ItemGroup>
  <ItemGroup>
    <ClCompile Include="Uie\Window.cpp">
      <Filter>Uie</Filter>
    </ClCompile>
    <ClCompile Include="Uie\WindowMessageHandler.cpp">
      <Filter>Uie</Filter>
    </ClCompile>
    <ClCompile Include="Uie\Main.cpp">
      <Filter>Uie</Filter>
    </ClCompile>
    <ClCompile Include="Uie\WindowManager.cpp">
      <Filter>Uie</Filter>
    </ClCompile>
    <ClCompile Include="Uie\RenderManager.cpp">
      <Filter>Uie</Filter>
    </ClCompile>
    <ClCompile Include="Uie\Color.cpp">
      <Filter>Uie</Filter>
    </ClCompile>
    <ClCompile Include="Uie\UIElement.cpp">
      <Filter>Uie</Filter>
    </ClCompile>
    <ClCompile Include="Uie\Component\UICanvasLayout.cpp">
      <Filter>Uie\Component</Filter>
    </ClCompile>
    <ClCompile Include="Uie\Rect.cpp">
      <Filter>Uie</Filter>
    </ClCompile>
    <ClCompile Include="Uie\UIManager.cpp">
      <Filter>Uie</Filter>
    </ClCompile>
    <ClCompile Include="Uie\UIPlacement.cpp">
      <Filter>Uie</Filter>
    </ClCompile>
    <ClCompile Include="Uie\Event\UIMouseEvent.cpp">
      <Filter>Uie\Event</Filter>
    </ClCompile>
    <ClCompile Include="Uie\Event\EventManager.cpp">
      <Filter>Uie\Event</Filter>
    </ClCompile>
    <ClCompile Include="Uie\UIEventHandler.cpp">
      <Filter>Uie</Filter>
    </ClCompile>
    <ClCompile Include="Uie\Event\UIInputEvent.cpp">
      <Filter>Uie\Event</Filter>
    </ClCompile>
    <ClCompile Include="Uie\Event\UIKeyboardEvent.cpp">
      <Filter>Uie\Event</Filter>
    </ClCompile>
    <ClCompile Include="Uie\Event\UIMouseButtonEvent.cpp">
      <Filter>Uie\Event</Filter>
    </ClCompile>
    <ClCompile Include="Uie\Event\UITypeEvent.cpp">
      <Filter>Uie\Event</Filter>
    </ClCompile>
    <ClCompile Include="Uie\Render\Renderer.cpp">
      <Filter>Uie\Render</Filter>
    </ClCompile>
    <ClCompile Include="Uie\Render\Shader.cpp">
      <Filter>Uie\Render</Filter>
    </ClCompile>
    <ClCompile Include="Uie\Render\SubShader.cpp">
      <Filter>Uie\Render</Filter>
    </ClCompile>
    <ClCompile Include="Uie\Render\ShaderInput.cpp">
      <Filter>Uie\Render</Filter>
    </ClCompile>
    <ClCompile Include="Uie\Render\Buffer.cpp">
      <Filter>Uie\Render</Filter>
    </ClCompile>
    <ClCompile Include="Uie\Render\ShaderAttrib.cpp">
      <Filter>Uie\Render</Filter>
    </ClCompile>
    <ClCompile Include="Uie\Render\RenderTarget.cpp">
      <Filter>Uie\Render</Filter>
    </ClCompile>
    <ClCompile Include="Uie\Render\RenderBuffer.cpp">
      <Filter>Uie\Render</Filter>
    </ClCompile>
    <ClCompile Include="Uie\Render\Texture.cpp">
      <Filter>Uie\Render</Filter>
    </ClCompile>
    <ClCompile Include="Uie\Render\GL.cpp">
      <Filter>Uie\Render</Filter>
    </ClCompile>
  </ItemGroup>
  <ItemGroup>
    <ClInclude Include="Uie\Window.h">
      <Filter>Uie</Filter>
    </ClInclude>
    <ClInclude Include="Uie\WindowMessageHandler.h">
      <Filter>Uie</Filter>
    </ClInclude>
    <ClInclude Include="Uie\UieDLL.h">
      <Filter>Uie</Filter>
    </ClInclude>
    <ClInclude Include="Uie\ManagerBase.h">
      <Filter>Uie</Filter>
    </ClInclude>
    <ClInclude Include="Uie\ManagerBase.hpp">
      <Filter>Uie</Filter>
    </ClInclude>
    <ClInclude Include="Uie\WindowManager.h">
      <Filter>Uie</Filter>
    </ClInclude>
    <ClInclude Include="Uie\RenderManager.h">
      <Filter>Uie</Filter>
    </ClInclude>
    <ClInclude Include="Uie\Color.h">
      <Filter>Uie</Filter>
    </ClInclude>
    <ClInclude Include="Uie\UIElement.h">
      <Filter>Uie</Filter>
    </ClInclude>
    <ClInclude Include="Uie\Component\UILayout.h">
      <Filter>Uie\Component</Filter>
    </ClInclude>
    <ClInclude Include="Uie\Component\UILayout.hpp">
      <Filter>Uie\Component</Filter>
    </ClInclude>
    <ClInclude Include="Uie\Component\UICanvasLayout.h">
      <Filter>Uie\Component</Filter>
    </ClInclude>
    <ClInclude Include="Uie\Rect.h">
      <Filter>Uie</Filter>
    </ClInclude>
    <ClInclude Include="Uie\UIManager.h">
      <Filter>Uie</Filter>
    </ClInclude>
    <ClInclude Include="Uie\UIPlacement.h">
      <Filter>Uie</Filter>
    </ClInclude>
    <ClInclude Include="Uie\Event\UIMouseEvent.h">
      <Filter>Uie\Event</Filter>
    </ClInclude>
    <ClInclude Include="Uie\Event\UIEvents.h">
      <Filter>Uie\Event</Filter>
    </ClInclude>
    <ClInclude Include="Uie\Event\EventManager.h">
      <Filter>Uie\Event</Filter>
    </ClInclude>
    <ClInclude Include="Uie\UIEventHandler.h">
      <Filter>Uie</Filter>
    </ClInclude>
    <ClInclude Include="Uie\Event\UIInputEvent.h">
      <Filter>Uie\Event</Filter>
    </ClInclude>
    <ClInclude Include="Uie\Event\UIKeyboardEvent.h">
      <Filter>Uie\Event</Filter>
    </ClInclude>
    <ClInclude Include="Uie\Event\UIMouseButtonEvent.h">
      <Filter>Uie\Event</Filter>
    </ClInclude>
    <ClInclude Include="Uie\Event\UITypeEvent.h">
      <Filter>Uie\Event</Filter>
    </ClInclude>
    <ClInclude Include="Uie\Render\Renderer.h">
      <Filter>Uie\Render</Filter>
    </ClInclude>
    <ClInclude Include="Uie\Render\Shader.h">
      <Filter>Uie\Render</Filter>
    </ClInclude>
    <ClInclude Include="Uie\Render\SubShader.h">
      <Filter>Uie\Render</Filter>
    </ClInclude>
    <ClInclude Include="Uie\Render\IShaderInput.h">
      <Filter>Uie\Render</Filter>
    </ClInclude>
    <ClInclude Include="Uie\Render\Buffer.h">
      <Filter>Uie\Render</Filter>
    </ClInclude>
    <ClInclude Include="Uie\Render\Buffer.hpp">
      <Filter>Uie\Render</Filter>
    </ClInclude>
    <ClInclude Include="Uie\Render\ShaderInput.h">
      <Filter>Uie\Render</Filter>
    </ClInclude>
    <ClInclude Include="Uie\Render\ShaderAttrib.h">
      <Filter>Uie\Render</Filter>
    </ClInclude>
    <ClInclude Include="Uie\Render\RenderTarget.h">
      <Filter>Uie\Render</Filter>
    </ClInclude>
    <ClInclude Include="Uie\Render\RenderBuffer.h">
      <Filter>Uie\Render</Filter>
    </ClInclude>
    <ClInclude Include="Uie\Render\Texture.h">
      <Filter>Uie\Render</Filter>
    </ClInclude>
    <ClInclude Include="Uie\Render\GL.h">
      <Filter>Uie\Render</Filter>
    </ClInclude>
    <ClInclude Include="Uie\Render\GL.hpp">
      <Filter>Uie\Render</Filter>
    </ClInclude>
  </ItemGroup>
</Project>