<?xml version="1.0" encoding="utf-8"?>
<Project ToolsVersion="4.0" xmlns="http://schemas.microsoft.com/developer/msbuild/2003">
  <ItemGroup>
    <Filter Include="Uie">
      <UniqueIdentifier>{7e59ed56-33f3-488e-9c05-1f6890630f93}</UniqueIdentifier>
    </Filter>
    <Filter Include="Uie\Event">
      <UniqueIdentifier>{ad6d328b-766c-4dc1-9bcb-b696f08bdd74}</UniqueIdentifier>
    </Filter>
    <Filter Include="Uie\Render">
      <UniqueIdentifier>{c3f5195a-f16d-4ebd-85b9-0ca41d40362c}</UniqueIdentifier>
    </Filter>
    <Filter Include="Uie\Render\Component">
      <UniqueIdentifier>{cbc2ee57-faa1-4076-a5b4-524deab1c569}</UniqueIdentifier>
    </Filter>
    <Filter Include="Uie\UI">
      <UniqueIdentifier>{f942d0bc-1af0-471a-88e2-a6d7488ccddc}</UniqueIdentifier>
    </Filter>
    <Filter Include="Uie\UI\Component">
      <UniqueIdentifier>{60669a5c-c990-4680-9d3d-140c30851b85}</UniqueIdentifier>
    </Filter>
  </ItemGroup>
  <ItemGroup>
    <ClCompile Include="Uie\Window.cpp">
      <Filter>Uie</Filter>
    </ClCompile>
    <ClCompile Include="Uie\WindowMessageHandler.cpp">
      <Filter>Uie</Filter>
    </ClCompile>
    <ClCompile Include="Uie\Color.cpp">
      <Filter>Uie</Filter>
    </ClCompile>
    <ClCompile Include="Uie\Rect.cpp">
      <Filter>Uie</Filter>
    </ClCompile>
    <ClCompile Include="Uie\Event\UIMouseEvent.cpp">
      <Filter>Uie\Event</Filter>
    </ClCompile>
    <ClCompile Include="Uie\Event\EventManager.cpp">
      <Filter>Uie\Event</Filter>
    </ClCompile>
    <ClCompile Include="Uie\Event\UIInputEvent.cpp">
      <Filter>Uie\Event</Filter>
    </ClCompile>
    <ClCompile Include="Uie\Event\UIKeyboardEvent.cpp">
      <Filter>Uie\Event</Filter>
    </ClCompile>
    <ClCompile Include="Uie\Event\UIMouseButtonEvent.cpp">
      <Filter>Uie\Event</Filter>
    </ClCompile>
    <ClCompile Include="Uie\Event\UITypeEvent.cpp">
      <Filter>Uie\Event</Filter>
    </ClCompile>
    <ClCompile Include="Uie\Render\Component\Buffer.cpp">
      <Filter>Uie\Render\Component</Filter>
    </ClCompile>
    <ClCompile Include="Uie\Render\Component\ColorRenderBuffer.cpp">
      <Filter>Uie\Render\Component</Filter>
    </ClCompile>
    <ClCompile Include="Uie\Render\Component\DepthRenderBuffer.cpp">
      <Filter>Uie\Render\Component</Filter>
    </ClCompile>
    <ClCompile Include="Uie\Render\Component\DepthStencilRenderBuffer.cpp">
      <Filter>Uie\Render\Component</Filter>
    </ClCompile>
    <ClCompile Include="Uie\Render\Component\GL.cpp">
      <Filter>Uie\Render\Component</Filter>
    </ClCompile>
    <ClCompile Include="Uie\Render\Component\RenderBuffer.cpp">
      <Filter>Uie\Render\Component</Filter>
    </ClCompile>
    <ClCompile Include="Uie\Render\Component\RenderTarget.cpp">
      <Filter>Uie\Render\Component</Filter>
    </ClCompile>
    <ClCompile Include="Uie\Render\Component\Shader.cpp">
      <Filter>Uie\Render\Component</Filter>
    </ClCompile>
    <ClCompile Include="Uie\Render\Component\ShaderAttrib.cpp">
      <Filter>Uie\Render\Component</Filter>
    </ClCompile>
    <ClCompile Include="Uie\Render\Component\ShaderInput.cpp">
      <Filter>Uie\Render\Component</Filter>
    </ClCompile>
    <ClCompile Include="Uie\Render\Component\StencilRenderBuffer.cpp">
      <Filter>Uie\Render\Component</Filter>
    </ClCompile>
    <ClCompile Include="Uie\Render\Component\SubShader.cpp">
      <Filter>Uie\Render\Component</Filter>
    </ClCompile>
    <ClCompile Include="Uie\Render\Component\Texture.cpp">
      <Filter>Uie\Render\Component</Filter>
    </ClCompile>
    <ClCompile Include="Uie\Render\Renderer.cpp">
      <Filter>Uie\Render</Filter>
    </ClCompile>
    <ClCompile Include="Uie\Render\ShaderContainer.cpp">
      <Filter>Uie\Render</Filter>
    </ClCompile>
    <ClCompile Include="Uie\UIContext.cpp">
      <Filter>Uie</Filter>
    </ClCompile>
    <ClCompile Include="Uie\UI\Placement.cpp">
      <Filter>Uie\UI</Filter>
    </ClCompile>
    <ClCompile Include="Uie\UI\Element.cpp">
      <Filter>Uie\UI</Filter>
    </ClCompile>
    <ClCompile Include="Uie\Event\EventHandler.cpp">
      <Filter>Uie\Event</Filter>
    </ClCompile>
    <ClCompile Include="Uie\UI\Root.cpp">
      <Filter>Uie\UI</Filter>
    </ClCompile>
    <ClCompile Include="Uie\Event\RaycastTarget.cpp">
      <Filter>Uie\Event</Filter>
    </ClCompile>
    <ClCompile Include="Uie\UI\Hierarchy.cpp">
      <Filter>Uie\UI</Filter>
    </ClCompile>
    <ClCompile Include="Uie\Event\EventEmitter.cpp">
      <Filter>Uie\Event</Filter>
    </ClCompile>
    <ClCompile Include="Uie\UI\Component\UICanvasLayout.cpp">
      <Filter>Uie\UI\Component</Filter>
    </ClCompile>
    <ClCompile Include="Uie\UI\Component\UIGridLayout.cpp">
      <Filter>Uie\UI\Component</Filter>
    </ClCompile>
    <ClCompile Include="Uie\UI\Component\UITest.cpp">
      <Filter>Uie\UI\Component</Filter>
    </ClCompile>
  </ItemGroup>
  <ItemGroup>
    <ClInclude Include="Uie\Window.h">
      <Filter>Uie</Filter>
    </ClInclude>
    <ClInclude Include="Uie\WindowMessageHandler.h">
      <Filter>Uie</Filter>
    </ClInclude>
    <ClInclude Include="Uie\UieDLL.h">
      <Filter>Uie</Filter>
    </ClInclude>
    <ClInclude Include="Uie\ManagerBase.h">
      <Filter>Uie</Filter>
    </ClInclude>
    <ClInclude Include="Uie\ManagerBase.hpp">
      <Filter>Uie</Filter>
    </ClInclude>
    <ClInclude Include="Uie\Color.h">
      <Filter>Uie</Filter>
    </ClInclude>
    <ClInclude Include="Uie\Rect.h">
      <Filter>Uie</Filter>
    </ClInclude>
    <ClInclude Include="Uie\Event\UIMouseEvent.h">
      <Filter>Uie\Event</Filter>
    </ClInclude>
    <ClInclude Include="Uie\Event\UIEvents.h">
      <Filter>Uie\Event</Filter>
    </ClInclude>
    <ClInclude Include="Uie\Event\EventManager.h">
      <Filter>Uie\Event</Filter>
    </ClInclude>
    <ClInclude Include="Uie\Event\UIInputEvent.h">
      <Filter>Uie\Event</Filter>
    </ClInclude>
    <ClInclude Include="Uie\Event\UIKeyboardEvent.h">
      <Filter>Uie\Event</Filter>
    </ClInclude>
    <ClInclude Include="Uie\Event\UIMouseButtonEvent.h">
      <Filter>Uie\Event</Filter>
    </ClInclude>
    <ClInclude Include="Uie\Event\UITypeEvent.h">
      <Filter>Uie\Event</Filter>
    </ClInclude>
    <ClInclude Include="Uie\Render\Component\Buffer.h">
      <Filter>Uie\Render\Component</Filter>
    </ClInclude>
    <ClInclude Include="Uie\Render\Component\Buffer.hpp">
      <Filter>Uie\Render\Component</Filter>
    </ClInclude>
    <ClInclude Include="Uie\Render\Component\ColorRenderBuffer.h">
      <Filter>Uie\Render\Component</Filter>
    </ClInclude>
    <ClInclude Include="Uie\Render\Component\DepthRenderBuffer.h">
      <Filter>Uie\Render\Component</Filter>
    </ClInclude>
    <ClInclude Include="Uie\Render\Component\DepthStencilRenderBuffer.h">
      <Filter>Uie\Render\Component</Filter>
    </ClInclude>
    <ClInclude Include="Uie\Render\Component\GL.h">
      <Filter>Uie\Render\Component</Filter>
    </ClInclude>
    <ClInclude Include="Uie\Render\Component\GL.hpp">
      <Filter>Uie\Render\Component</Filter>
    </ClInclude>
    <ClInclude Include="Uie\Render\Component\Renderable.h">
      <Filter>Uie\Render\Component</Filter>
    </ClInclude>
    <ClInclude Include="Uie\Render\Component\RenderBuffer.h">
      <Filter>Uie\Render\Component</Filter>
    </ClInclude>
    <ClInclude Include="Uie\Render\Component\RenderTarget.h">
      <Filter>Uie\Render\Component</Filter>
    </ClInclude>
    <ClInclude Include="Uie\Render\Component\Shader.h">
      <Filter>Uie\Render\Component</Filter>
    </ClInclude>
    <ClInclude Include="Uie\Render\Component\ShaderAttrib.h">
      <Filter>Uie\Render\Component</Filter>
    </ClInclude>
    <ClInclude Include="Uie\Render\Component\ShaderInput.h">
      <Filter>Uie\Render\Component</Filter>
    </ClInclude>
    <ClInclude Include="Uie\Render\Component\StencilRenderBuffer.h">
      <Filter>Uie\Render\Component</Filter>
    </ClInclude>
    <ClInclude Include="Uie\Render\Component\SubShader.h">
      <Filter>Uie\Render\Component</Filter>
    </ClInclude>
    <ClInclude Include="Uie\Render\Component\Texture.h">
      <Filter>Uie\Render\Component</Filter>
    </ClInclude>
    <ClInclude Include="Uie\Render\Component\UniformBindable.h">
      <Filter>Uie\Render\Component</Filter>
    </ClInclude>
    <ClInclude Include="Uie\Render\Renderer.h">
      <Filter>Uie\Render</Filter>
    </ClInclude>
    <ClInclude Include="Uie\Render\ShaderContainer.h">
      <Filter>Uie\Render</Filter>
    </ClInclude>
    <ClInclude Include="Uie\UIContext.h">
      <Filter>Uie</Filter>
    </ClInclude>
    <ClInclude Include="Uie\UI\Placement.h">
      <Filter>Uie\UI</Filter>
    </ClInclude>
    <ClInclude Include="Uie\UI\Element.h">
      <Filter>Uie\UI</Filter>
    </ClInclude>
    <ClInclude Include="Uie\Event\EventHandler.h">
      <Filter>Uie\Event</Filter>
    </ClInclude>
    <ClInclude Include="Uie\UI\Layout.h">
      <Filter>Uie\UI</Filter>
    </ClInclude>
    <ClInclude Include="Uie\UI\Layout.hpp">
      <Filter>Uie\UI</Filter>
    </ClInclude>
    <ClInclude Include="Uie\UI\Root.h">
      <Filter>Uie\UI</Filter>
    </ClInclude>
    <ClInclude Include="Uie\Event\RaycastTarget.h">
      <Filter>Uie\Event</Filter>
    </ClInclude>
    <ClInclude Include="Uie\Render\Renderable.h">
      <Filter>Uie\Render</Filter>
    </ClInclude>
    <ClInclude Include="Uie\UI\Hierarchy.h">
      <Filter>Uie\UI</Filter>
    </ClInclude>
    <ClInclude Include="Uie\Event\EventEmitter.h">
      <Filter>Uie\Event</Filter>
    </ClInclude>
    <ClInclude Include="Uie\UI\Component\UICanvasLayout.h">
      <Filter>Uie\UI\Component</Filter>
    </ClInclude>
    <ClInclude Include="Uie\UI\Component\UIGridLayout.h">
      <Filter>Uie\UI\Component</Filter>
    </ClInclude>
    <ClInclude Include="Uie\UI\Component\UITest.h">
      <Filter>Uie\UI\Component</Filter>
    </ClInclude>
  </ItemGroup>
</Project>